GEM
  remote: https://rubygems.org/
  specs:
    faraday (2.14.1)
      faraday-net_http (>= 2.0, < 3.5)
      json
      logger
    faraday-net_http (3.4.2)
      net-http (~> 0.5)
    json (2.18.1)
    logger (1.7.0)
    mustermann (1.0.3)
    net-http (0.9.1)
      uri (>= 0.11.1)
    rack (2.1.4)
    rack-protection (2.0.7)
      rack
    sinatra (2.0.7)
      mustermann (~> 1.0)
      rack (~> 2.0)
      rack-protection (= 2.0.7)
      tilt (~> 2.0)
    tilt (2.0.10)
    uri (1.1.1)

PLATFORMS
  ruby

DEPENDENCIES
  faraday (>= 2.14.1)
  rack
  sinatra

BUNDLED WITH
   2.3.27
